
Microsoft Visual Studio Solution File, Format Version 12.00
# Visual Studio Version 17
VisualStudioVersion = 17.6.33829.357
MinimumVisualStudioVersion = 10.0.40219.1
Project("{9A19103F-16F7-4668-BE54-9A1E7A4F7556}") = "TlpArchitectureCore", "TlpArchitectureCore\TlpArchitectureCore.csproj", "{29723C05-ECB3-4B29-8978-185E626A1BC7}"
EndProject
Project("{9A19103F-16F7-4668-BE54-9A1E7A4F7556}") = "TlpArchitectureDns", "TlpArchitectureDns\TlpArchitectureDns.csproj", "{1E324061-82C1-413E-B33C-C8FA5B2DBAF8}"
EndProject
Project("{9A19103F-16F7-4668-BE54-9A1E7A4F7556}") = "TlpArchitectureProjectsServer", "TlpArchitectureProjectsServer\TlpArchitectureProjectsServer.csproj", "{76EF0652-2BB4-4829-B642-F79A33004755}"
EndProject
Project("{9A19103F-16F7-4668-BE54-9A1E7A4F7556}") = "TlpArchitectureProjectEditor", "TlpArchitectureProjectEditor\TlpArchitectureProjectEditor.csproj", "{DAC56FE5-C6AC-4256-9F2A-890C780D20BE}"
EndProject
Project("{FAE04EC0-301F-11D3-BF4B-00C04F79EFBC}") = "TlpArchitectureCoreServer", "TlpArchitectureCoreServer\TlpArchitectureCoreServer.csproj", "{5D3C89D9-687D-4DDB-B9E3-B0EA5AE0DC19}"
EndProject
Global
	GlobalSection(SolutionConfigurationPlatforms) = preSolution
		Debug|Any CPU = Debug|Any CPU
		Release|Any CPU = Release|Any CPU
	EndGlobalSection
	GlobalSection(ProjectConfigurationPlatforms) = postSolution
		{29723C05-ECB3-4B29-8978-185E626A1BC7}.Debug|Any CPU.ActiveCfg = Debug|Any CPU
		{29723C05-ECB3-4B29-8978-185E626A1BC7}.Debug|Any CPU.Build.0 = Debug|Any CPU
		{29723C05-ECB3-4B29-8978-185E626A1BC7}.Release|Any CPU.ActiveCfg = Release|Any CPU
		{29723C05-ECB3-4B29-8978-185E626A1BC7}.Release|Any CPU.Build.0 = Release|Any CPU
		{1E324061-82C1-413E-B33C-C8FA5B2DBAF8}.Debug|Any CPU.ActiveCfg = Debug|Any CPU
		{1E324061-82C1-413E-B33C-C8FA5B2DBAF8}.Debug|Any CPU.Build.0 = Debug|Any CPU
		{1E324061-82C1-413E-B33C-C8FA5B2DBAF8}.Release|Any CPU.ActiveCfg = Release|Any CPU
		{1E324061-82C1-413E-B33C-C8FA5B2DBAF8}.Release|Any CPU.Build.0 = Release|Any CPU
		{76EF0652-2BB4-4829-B642-F79A33004755}.Debug|Any CPU.ActiveCfg = Debug|Any CPU
		{76EF0652-2BB4-4829-B642-F79A33004755}.Debug|Any CPU.Build.0 = Debug|Any CPU
		{76EF0652-2BB4-4829-B642-F79A33004755}.Release|Any CPU.ActiveCfg = Release|Any CPU
		{76EF0652-2BB4-4829-B642-F79A33004755}.Release|Any CPU.Build.0 = Release|Any CPU
		{DAC56FE5-C6AC-4256-9F2A-890C780D20BE}.Debug|Any CPU.ActiveCfg = Debug|Any CPU
		{DAC56FE5-C6AC-4256-9F2A-890C780D20BE}.Debug|Any CPU.Build.0 = Debug|Any CPU
		{DAC56FE5-C6AC-4256-9F2A-890C780D20BE}.Release|Any CPU.ActiveCfg = Release|Any CPU
		{DAC56FE5-C6AC-4256-9F2A-890C780D20BE}.Release|Any CPU.Build.0 = Release|Any CPU
		{5D3C89D9-687D-4DDB-B9E3-B0EA5AE0DC19}.Debug|Any CPU.ActiveCfg = Debug|Any CPU
		{5D3C89D9-687D-4DDB-B9E3-B0EA5AE0DC19}.Debug|Any CPU.Build.0 = Debug|Any CPU
		{5D3C89D9-687D-4DDB-B9E3-B0EA5AE0DC19}.Release|Any CPU.ActiveCfg = Release|Any CPU
		{5D3C89D9-687D-4DDB-B9E3-B0EA5AE0DC19}.Release|Any CPU.Build.0 = Release|Any CPU
	EndGlobalSection
	GlobalSection(SolutionProperties) = preSolution
		HideSolutionNode = FALSE
	EndGlobalSection
	GlobalSection(ExtensibilityGlobals) = postSolution
		SolutionGuid = {6B97DB1C-8EF6-431A-93F6-5E7B76AFB0DF}
	EndGlobalSection
EndGlobal
